
Microsoft Visual Studio Solution File, Format Version 12.00
# Visual Studio Version 16
VisualStudioVersion = 16.0.31515.178
MinimumVisualStudioVersion = 10.0.40219.1
Project("{FAE04EC0-301F-11D3-BF4B-00C04F79EFBC}") = "AssessmentHandling", "AssessmentHandling\AssessmentHandling.csproj", "{8C216EC2-69D4-4849-A776-45EC4CA64B55}"
EndProject
Project("{FAE04EC0-301F-11D3-BF4B-00C04F79EFBC}") = "AssessmentHandling.Tests", "AssessmentHandling.Tests\AssessmentHandling.Tests.csproj", "{D78AA0EF-42B1-4230-9EDE-69D36FB5C45E}"
EndProject
Global
	GlobalSection(SolutionConfigurationPlatforms) = preSolution
		Debug|Any CPU = Debug|Any CPU
		Release|Any CPU = Release|Any CPU
	EndGlobalSection
	GlobalSection(ProjectConfigurationPlatforms) = postSolution
		{8C216EC2-69D4-4849-A776-45EC4CA64B55}.Debug|Any CPU.ActiveCfg = Debug|Any CPU
		{8C216EC2-69D4-4849-A776-45EC4CA64B55}.Debug|Any CPU.Build.0 = Debug|Any CPU
		{8C216EC2-69D4-4849-A776-45EC4CA64B55}.Release|Any CPU.ActiveCfg = Release|Any CPU
		{8C216EC2-69D4-4849-A776-45EC4CA64B55}.Release|Any CPU.Build.0 = Release|Any CPU
		{D78AA0EF-42B1-4230-9EDE-69D36FB5C45E}.Debug|Any CPU.ActiveCfg = Debug|Any CPU
		{D78AA0EF-42B1-4230-9EDE-69D36FB5C45E}.Debug|Any CPU.Build.0 = Debug|Any CPU
		{D78AA0EF-42B1-4230-9EDE-69D36FB5C45E}.Release|Any CPU.ActiveCfg = Release|Any CPU
		{D78AA0EF-42B1-4230-9EDE-69D36FB5C45E}.Release|Any CPU.Build.0 = Release|Any CPU
	EndGlobalSection
	GlobalSection(SolutionProperties) = preSolution
		HideSolutionNode = FALSE
	EndGlobalSection
	GlobalSection(ExtensibilityGlobals) = postSolution
		SolutionGuid = {BCEF4309-9C25-4EFF-8AB6-C4BFD59C35D7}
	EndGlobalSection
EndGlobal
